<?xml version="1.0" encoding="utf-8"?>
<Project ToolsVersion="4.0" xmlns="http://schemas.microsoft.com/developer/msbuild/2003">
  <ItemGroup>
    <FxCompile Include="InstancingShaders.hlsl">
      <Filter>hlsl</Filter>
    </FxCompile>
    <FxCompile Include="OBBShader.hlsl">
      <Filter>hlsl</Filter>
    </FxCompile>
    <FxCompile Include="Common.hlsl">
      <Filter>hlsl</Filter>
    </FxCompile>
    <FxCompile Include="Shaders.hlsl">
      <Filter>hlsl</Filter>
    </FxCompile>
    <FxCompile Include="SkinnedShaders.hlsl">
      <Filter>hlsl</Filter>
    </FxCompile>
    <FxCompile Include="StandardShaders.hlsl">
      <Filter>hlsl</Filter>
    </FxCompile>
    <FxCompile Include="SkyboxShaders.hlsl">
      <Filter>hlsl</Filter>
    </FxCompile>
    <FxCompile Include="TerrainShaders.hlsl">
      <Filter>hlsl</Filter>
    </FxCompile>
  </ItemGroup>
  <ItemGroup>
    <ClCompile Include="Animation.cpp" />
    <ClCompile Include="AtkState.cpp" />
    <ClCompile Include="Camera.cpp" />
    <ClCompile Include="ConstructionSystem.cpp" />
    <ClCompile Include="FSMManager.cpp" />
    <ClCompile Include="FSMState.cpp" />
    <ClCompile Include="GameFramework.cpp" />
    <ClCompile Include="imgui.cpp" />
    <ClCompile Include="imgui_demo.cpp" />
    <ClCompile Include="imgui_draw.cpp" />
    <ClCompile Include="imgui_impl_dx12.cpp" />
    <ClCompile Include="imgui_impl_win32.cpp" />
    <ClCompile Include="imgui_tables.cpp" />
    <ClCompile Include="imgui_widgets.cpp" />
    <ClCompile Include="Item.cpp" />
    <ClCompile Include="LabProject07-9-8.cpp" />
    <ClCompile Include="Material.cpp" />
    <ClCompile Include="Mesh.cpp" />
    <ClCompile Include="OBBShader.cpp" />
    <ClCompile Include="NetworkManager.cpp" />
    <ClCompile Include="Object.cpp" />
    <ClCompile Include="NonAtkState.cpp" />
    <ClCompile Include="Octree.cpp" />
    <ClCompile Include="Player.cpp" />
    <ClCompile Include="PlayerStateMachine.cpp" />
    <ClCompile Include="ResourceManager.cpp" />
    <ClCompile Include="RandomUtil.cpp" />
    <ClCompile Include="Scene.cpp" />
    <ClCompile Include="Shader.cpp" />
    <ClCompile Include="ShaderManager.cpp" />
    <ClCompile Include="SkinnedShader.cpp" />
    <ClCompile Include="SkyBoxShader.cpp" />
    <ClCompile Include="StandardShader.cpp" />
    <ClCompile Include="stdafx.cpp" />
    <ClCompile Include="TerrainShader.cpp" />
    <ClCompile Include="Texture.cpp" />
    <ClCompile Include="Timer.cpp" />
    <ClCompile Include="WICTextureLoader12.cpp" />
    <ClCompile Include="DDSTextureLoader12.cpp">
      <Filter>Utility</Filter>
    </ClCompile>
    <ClCompile Include="..\..\..\d3d12book\Common\d3dUtil.cpp">
      <Filter>Utility</Filter>
    </ClCompile>
    <ClCompile Include="..\..\..\d3d12book\Common\DDSTextureLoader.cpp">
      <Filter>Utility</Filter>
    </ClCompile>
    <ClCompile Include="..\..\..\d3d12book\Common\GameTimer.cpp">
      <Filter>Utility</Filter>
    </ClCompile>
    <ClCompile Include="..\..\..\d3d12book\Common\MathHelper.cpp">
      <Filter>Utility</Filter>
    </ClCompile>
  </ItemGroup>
  <ItemGroup>
    <ClInclude Include="..\..\Server\Global.h" />
    <ClInclude Include="Animation.h" />
    <ClInclude Include="AtkState.h" />
    <ClInclude Include="Camera.h" />
    <ClInclude Include="ConstructionSystem.h" />
    <ClInclude Include="FSMManager.h" />
    <ClInclude Include="FSMState.h" />
    <ClInclude Include="GameFramework.h" />
    <ClInclude Include="imgui.h" />
    <ClInclude Include="imgui_impl_dx12.h" />
    <ClInclude Include="imgui_impl_win32.h" />
    <ClInclude Include="imgui_internal.h" />
    <ClInclude Include="imstb_rectpack.h" />
    <ClInclude Include="imstb_textedit.h" />
    <ClInclude Include="imstb_truetype.h" />
    <ClInclude Include="Item.h" />
    <ClInclude Include="LabProject07-9-8.h" />
    <ClInclude Include="Material.h" />
    <ClInclude Include="Mesh.h" />
    <ClInclude Include="OBBShader.h" />
    <ClInclude Include="NetworkManager.h" />
    <ClInclude Include="Object.h" />
    <ClInclude Include="NonAtkState.h" />
    <ClInclude Include="Octree.h" />
    <ClInclude Include="Player.h" />
    <ClInclude Include="PlayerStateDefs.h" />
    <ClInclude Include="PlayerStateMachine.h" />
    <ClInclude Include="RandomUtil.h" />
    <ClInclude Include="ResourceManager.h" />
    <ClInclude Include="Scene.h" />
    <ClInclude Include="Shader.h" />
    <ClInclude Include="ShaderManager.h" />
    <ClInclude Include="SkinnedShader.h" />
    <ClInclude Include="SkyBoxShader.h" />
    <ClInclude Include="StandardShader.h" />
    <ClInclude Include="stdafx.h" />
    <ClInclude Include="TerrainShader.h" />
    <ClInclude Include="Texture.h" />
    <ClInclude Include="Timer.h" />
    <ClInclude Include="WICTextureLoader12.h" />
    <ClInclude Include="d3dx12.h">
      <Filter>Utility</Filter>
    </ClInclude>
    <ClInclude Include="DDSTextureLoader12.h">
      <Filter>Utility</Filter>
    </ClInclude>
    <ClInclude Include="..\..\..\d3d12book\Common\d3dUtil.h">
      <Filter>Utility</Filter>
    </ClInclude>
    <ClInclude Include="..\..\..\d3d12book\Common\DDSTextureLoader.h">
      <Filter>Utility</Filter>
    </ClInclude>
    <ClInclude Include="..\..\..\d3d12book\Common\GameTimer.h">
      <Filter>Utility</Filter>
    </ClInclude>
    <ClInclude Include="..\..\..\d3d12book\Common\MathHelper.h">
      <Filter>Utility</Filter>
    </ClInclude>
  </ItemGroup>
  <ItemGroup>
    <ResourceCompile Include="LabProject07-9-8.rc" />
  </ItemGroup>
  <ItemGroup>
    <Image Include="LabProject07-9-8.ico" />
    <Image Include="small.ico" />
  </ItemGroup>
  <ItemGroup>
    <Filter Include="Utility">
      <UniqueIdentifier>{a4ed268b-1c6c-4701-a36b-364546479228}</UniqueIdentifier>
    </Filter>
    <Filter Include="hlsl">
      <UniqueIdentifier>{ce405f74-42cc-4ad4-86ac-1bd67f133b88}</UniqueIdentifier>
    </Filter>
  </ItemGroup>
  <ItemGroup>
    <None Include="Light.hlsl">
      <Filter>hlsl</Filter>
    </None>
  </ItemGroup>
</Project>