
Microsoft Visual Studio Solution File, Format Version 12.00
# Visual Studio Version 17
VisualStudioVersion = 17.10.35027.167
MinimumVisualStudioVersion = 10.0.40219.1
Project("{8BC9CEB8-8B4A-11D0-8D11-00A0C91BC942}") = "JJ_server", "JJ_server\JJ_server.vcxproj", "{FEA708D5-55CB-45AF-8ACB-F660C2825E22}"
EndProject
Project("{8BC9CEB8-8B4A-11D0-8D11-00A0C91BC942}") = "dummyclient", "dummyclient\dummyclient.vcxproj", "{29E1DD01-18B3-410D-BFE7-5CC6EB7B4BA7}"
EndProject
Project("{8BC9CEB8-8B4A-11D0-8D11-00A0C91BC942}") = "FSM", "FSM\FSM.vcxproj", "{3B627B16-5B69-4A76-AD8F-6AED6F0AC86B}"
EndProject
Project("{8BC9CEB8-8B4A-11D0-8D11-00A0C91BC942}") = "serverlib", "ServerLib\ImaysNet.vcxproj", "{491FAA36-D2DB-4772-AD85-7E0B0305F665}"
EndProject
Project("{2150E333-8FDC-42A3-9474-1A3956D46DE8}") = "server", "server", "{7F5CC139-90A4-4966-9506-1FB4553C9517}"
EndProject
Project("{2150E333-8FDC-42A3-9474-1A3956D46DE8}") = "client", "client", "{E387C6CE-1C73-40ED-A1B4-DE3FF058F66F}"
EndProject
Project("{2150E333-8FDC-42A3-9474-1A3956D46DE8}") = "etc", "etc", "{1CB82FE5-7CAF-4795-B096-57404D844425}"
EndProject
Project("{8BC9CEB8-8B4A-11D0-8D11-00A0C91BC942}") = "Lobby_server", "Lobby_server\Lobby_server.vcxproj", "{6DA46918-2A9C-4607-A5FF-0ECFAC812C4F}"
EndProject
Project("{8BC9CEB8-8B4A-11D0-8D11-00A0C91BC942}") = "etcproject", "etcproject\etcproject.vcxproj", "{A7B25415-6C3E-47D9-B6AB-8D65C0805259}"
EndProject
Global
	GlobalSection(SolutionConfigurationPlatforms) = preSolution
		Debug|x64 = Debug|x64
		Debug|x86 = Debug|x86
		Release|x64 = Release|x64
		Release|x86 = Release|x86
	EndGlobalSection
	GlobalSection(ProjectConfigurationPlatforms) = postSolution
		{FEA708D5-55CB-45AF-8ACB-F660C2825E22}.Debug|x64.ActiveCfg = Debug|x64
		{FEA708D5-55CB-45AF-8ACB-F660C2825E22}.Debug|x64.Build.0 = Debug|x64
		{FEA708D5-55CB-45AF-8ACB-F660C2825E22}.Debug|x86.ActiveCfg = Debug|Win32
		{FEA708D5-55CB-45AF-8ACB-F660C2825E22}.Debug|x86.Build.0 = Debug|Win32
		{FEA708D5-55CB-45AF-8ACB-F660C2825E22}.Release|x64.ActiveCfg = Release|x64
		{FEA708D5-55CB-45AF-8ACB-F660C2825E22}.Release|x64.Build.0 = Release|x64
		{FEA708D5-55CB-45AF-8ACB-F660C2825E22}.Release|x86.ActiveCfg = Release|Win32
		{FEA708D5-55CB-45AF-8ACB-F660C2825E22}.Release|x86.Build.0 = Release|Win32
		{29E1DD01-18B3-410D-BFE7-5CC6EB7B4BA7}.Debug|x64.ActiveCfg = Debug|x64
		{29E1DD01-18B3-410D-BFE7-5CC6EB7B4BA7}.Debug|x64.Build.0 = Debug|x64
		{29E1DD01-18B3-410D-BFE7-5CC6EB7B4BA7}.Debug|x86.ActiveCfg = Debug|Win32
		{29E1DD01-18B3-410D-BFE7-5CC6EB7B4BA7}.Debug|x86.Build.0 = Debug|Win32
		{29E1DD01-18B3-410D-BFE7-5CC6EB7B4BA7}.Release|x64.ActiveCfg = Release|x64
		{29E1DD01-18B3-410D-BFE7-5CC6EB7B4BA7}.Release|x64.Build.0 = Release|x64
		{29E1DD01-18B3-410D-BFE7-5CC6EB7B4BA7}.Release|x86.ActiveCfg = Release|Win32
		{29E1DD01-18B3-410D-BFE7-5CC6EB7B4BA7}.Release|x86.Build.0 = Release|Win32
		{3B627B16-5B69-4A76-AD8F-6AED6F0AC86B}.Debug|x64.ActiveCfg = Debug|x64
		{3B627B16-5B69-4A76-AD8F-6AED6F0AC86B}.Debug|x64.Build.0 = Debug|x64
		{3B627B16-5B69-4A76-AD8F-6AED6F0AC86B}.Debug|x86.ActiveCfg = Debug|Win32
		{3B627B16-5B69-4A76-AD8F-6AED6F0AC86B}.Debug|x86.Build.0 = Debug|Win32
		{3B627B16-5B69-4A76-AD8F-6AED6F0AC86B}.Release|x64.ActiveCfg = Release|x64
		{3B627B16-5B69-4A76-AD8F-6AED6F0AC86B}.Release|x64.Build.0 = Release|x64
		{3B627B16-5B69-4A76-AD8F-6AED6F0AC86B}.Release|x86.ActiveCfg = Release|Win32
		{3B627B16-5B69-4A76-AD8F-6AED6F0AC86B}.Release|x86.Build.0 = Release|Win32
		{491FAA36-D2DB-4772-AD85-7E0B0305F665}.Debug|x64.ActiveCfg = Debug|x64
		{491FAA36-D2DB-4772-AD85-7E0B0305F665}.Debug|x64.Build.0 = Debug|x64
		{491FAA36-D2DB-4772-AD85-7E0B0305F665}.Debug|x86.ActiveCfg = Debug|Win32
		{491FAA36-D2DB-4772-AD85-7E0B0305F665}.Debug|x86.Build.0 = Debug|Win32
		{491FAA36-D2DB-4772-AD85-7E0B0305F665}.Release|x64.ActiveCfg = Release|x64
		{491FAA36-D2DB-4772-AD85-7E0B0305F665}.Release|x64.Build.0 = Release|x64
		{491FAA36-D2DB-4772-AD85-7E0B0305F665}.Release|x86.ActiveCfg = Release|Win32
		{491FAA36-D2DB-4772-AD85-7E0B0305F665}.Release|x86.Build.0 = Release|Win32
		{6DA46918-2A9C-4607-A5FF-0ECFAC812C4F}.Debug|x64.ActiveCfg = Debug|x64
		{6DA46918-2A9C-4607-A5FF-0ECFAC812C4F}.Debug|x64.Build.0 = Debug|x64
		{6DA46918-2A9C-4607-A5FF-0ECFAC812C4F}.Debug|x86.ActiveCfg = Debug|Win32
		{6DA46918-2A9C-4607-A5FF-0ECFAC812C4F}.Debug|x86.Build.0 = Debug|Win32
		{6DA46918-2A9C-4607-A5FF-0ECFAC812C4F}.Release|x64.ActiveCfg = Release|x64
		{6DA46918-2A9C-4607-A5FF-0ECFAC812C4F}.Release|x64.Build.0 = Release|x64
		{6DA46918-2A9C-4607-A5FF-0ECFAC812C4F}.Release|x86.ActiveCfg = Release|Win32
		{6DA46918-2A9C-4607-A5FF-0ECFAC812C4F}.Release|x86.Build.0 = Release|Win32
		{A7B25415-6C3E-47D9-B6AB-8D65C0805259}.Debug|x64.ActiveCfg = Debug|x64
		{A7B25415-6C3E-47D9-B6AB-8D65C0805259}.Debug|x64.Build.0 = Debug|x64
		{A7B25415-6C3E-47D9-B6AB-8D65C0805259}.Debug|x86.ActiveCfg = Debug|Win32
		{A7B25415-6C3E-47D9-B6AB-8D65C0805259}.Debug|x86.Build.0 = Debug|Win32
		{A7B25415-6C3E-47D9-B6AB-8D65C0805259}.Release|x64.ActiveCfg = Release|x64
		{A7B25415-6C3E-47D9-B6AB-8D65C0805259}.Release|x64.Build.0 = Release|x64
		{A7B25415-6C3E-47D9-B6AB-8D65C0805259}.Release|x86.ActiveCfg = Release|Win32
		{A7B25415-6C3E-47D9-B6AB-8D65C0805259}.Release|x86.Build.0 = Release|Win32
	EndGlobalSection
	GlobalSection(SolutionProperties) = preSolution
		HideSolutionNode = FALSE
	EndGlobalSection
	GlobalSection(NestedProjects) = preSolution
		{FEA708D5-55CB-45AF-8ACB-F660C2825E22} = {7F5CC139-90A4-4966-9506-1FB4553C9517}
		{29E1DD01-18B3-410D-BFE7-5CC6EB7B4BA7} = {E387C6CE-1C73-40ED-A1B4-DE3FF058F66F}
		{3B627B16-5B69-4A76-AD8F-6AED6F0AC86B} = {1CB82FE5-7CAF-4795-B096-57404D844425}
		{491FAA36-D2DB-4772-AD85-7E0B0305F665} = {7F5CC139-90A4-4966-9506-1FB4553C9517}
		{6DA46918-2A9C-4607-A5FF-0ECFAC812C4F} = {7F5CC139-90A4-4966-9506-1FB4553C9517}
		{A7B25415-6C3E-47D9-B6AB-8D65C0805259} = {1CB82FE5-7CAF-4795-B096-57404D844425}
	EndGlobalSection
	GlobalSection(ExtensibilityGlobals) = postSolution
		SolutionGuid = {0B533B86-15D4-4CF3-9322-2555E4E1607B}
	EndGlobalSection
EndGlobal
